<Project ToolsVersion="4.0" xmlns="http://schemas.microsoft.com/developer/msbuild/2003">
  <ItemGroup>
    <Filter Include="Source Files">
      <UniqueIdentifier>{4FC737F1-C7A5-4376-A066-2A32D752A2FF}</UniqueIdentifier>
      <Extensions>cpp;c;cc;cxx;def;odl;idl;hpj;bat;asm;asmx</Extensions>
    </Filter>
    <Filter Include="Header Files">
      <UniqueIdentifier>{93995380-89BD-4b04-88EB-625FBE52EBFB}</UniqueIdentifier>
      <Extensions>h;hpp;hxx;hm;inl;inc;xsd</Extensions>
    </Filter>
    <Filter Include="Resource Files">
      <UniqueIdentifier>{67DA6AB6-F800-4c08-8B7A-83BB121AAD01}</UniqueIdentifier>
      <Extensions>rc;ico;cur;bmp;dlg;rc2;rct;bin;rgs;gif;jpg;jpeg;jpe;resx;tiff;tif;png;wav</Extensions>
    </Filter>
    <Filter Include="Blocks">
      <UniqueIdentifier>{123A396C-663A-45E8-8F15-1CDF9A9786B0}</UniqueIdentifier>
    </Filter>
    <Filter Include="Blocks\Cinder Deferred Renderer">
      <UniqueIdentifier>{DA485141-D5F1-42FA-8777-5DEE206D9542}</UniqueIdentifier>
    </Filter>
    <Filter Include="Blocks\Cinder Deferred Renderer\src">
      <UniqueIdentifier>{BC6EF395-1B8C-4FFC-A77C-CE310164E56A}</UniqueIdentifier>
    </Filter>
    <Filter Include="Blocks\Cinder Deferred Renderer\src\CinderDeferred">
      <UniqueIdentifier>{EDC825B7-9ADC-40AE-A76B-8CE7AF8BF808}</UniqueIdentifier>
    </Filter>
  </ItemGroup>
  <ItemGroup>
    <ClCompile Include="..\src\LandscapeApp.cpp">
      <Filter>Source Files</Filter>
    </ClCompile>
    <ClCompile Include="..\src\LandscapeApp.cpp">
      <Filter>Source Files</Filter>
    </ClCompile>
    <ClInclude Include="..\include\Resources.h">
      <Filter>Header Files</Filter>
    </ClInclude>
    <ClInclude Include="..\blocks\Cinder Deferred Renderer\src\CinderDeferred\DeferredRenderer.h">
      <Filter>Blocks\Cinder Deferred Renderer\src\CinderDeferred</Filter>
    </ClInclude>
    <ClInclude Include="..\blocks\Cinder Deferred Renderer\src\CinderDeferred\CubeShadowMap.h">
      <Filter>Blocks\Cinder Deferred Renderer\src\CinderDeferred</Filter>
    </ClInclude>
  </ItemGroup>
  <ItemGroup>
    <ClInclude Include="..\include\Resources.h">
      <Filter>Header Files</Filter>
    </ClInclude>
  </ItemGroup>
  <ItemGroup>
    <ResourceCompile Include="Resources.rc">
      <Filter>Resource Files</Filter>
    </ResourceCompile>
  </ItemGroup>
</Project>
